
Microsoft Visual Studio Solution File, Format Version 12.00
# Visual Studio Version 17
VisualStudioVersion = 17.14.36127.28 d17.14
MinimumVisualStudioVersion = 10.0.40219.1
Project("{FAE04EC0-301F-11D3-BF4B-00C04F79EFBC}") = "SistemaTarefas", "SistemaTarefas\SistemaTarefas.csproj", "{5C53D7D2-5C69-4268-ABE2-604F3676EC8B}"
EndProject
Global
	GlobalSection(SolutionConfigurationPlatforms) = preSolution
		Debug|Any CPU = Debug|Any CPU
		Release|Any CPU = Release|Any CPU
	EndGlobalSection
	GlobalSection(ProjectConfigurationPlatforms) = postSolution
		{5C53D7D2-5C69-4268-ABE2-604F3676EC8B}.Debug|Any CPU.ActiveCfg = Debug|Any CPU
		{5C53D7D2-5C69-4268-ABE2-604F3676EC8B}.Debug|Any CPU.Build.0 = Debug|Any CPU
		{5C53D7D2-5C69-4268-ABE2-604F3676EC8B}.Release|Any CPU.ActiveCfg = Release|Any CPU
		{5C53D7D2-5C69-4268-ABE2-604F3676EC8B}.Release|Any CPU.Build.0 = Release|Any CPU
	EndGlobalSection
	GlobalSection(SolutionProperties) = preSolution
		HideSolutionNode = FALSE
	EndGlobalSection
	GlobalSection(ExtensibilityGlobals) = postSolution
		SolutionGuid = {9D9B4DE3-C46A-44E9-B58B-01DC22F20696}
	EndGlobalSection
EndGlobal
